
Microsoft Visual Studio Solution File, Format Version 12.00
# Visual Studio Version 16
VisualStudioVersion = 16.0.31410.357
MinimumVisualStudioVersion = 10.0.40219.1
Project("{FAE04EC0-301F-11D3-BF4B-00C04F79EFBC}") = "pract 5 var 5", "pract 5 var 5\pract 5 var 5.csproj", "{D9C3832D-2AE4-4DD9-8961-ED90605B0A6E}"
EndProject
Global
	GlobalSection(SolutionConfigurationPlatforms) = preSolution
		Debug|Any CPU = Debug|Any CPU
		Release|Any CPU = Release|Any CPU
	EndGlobalSection
	GlobalSection(ProjectConfigurationPlatforms) = postSolution
		{D9C3832D-2AE4-4DD9-8961-ED90605B0A6E}.Debug|Any CPU.ActiveCfg = Debug|Any CPU
		{D9C3832D-2AE4-4DD9-8961-ED90605B0A6E}.Debug|Any CPU.Build.0 = Debug|Any CPU
		{D9C3832D-2AE4-4DD9-8961-ED90605B0A6E}.Release|Any CPU.ActiveCfg = Release|Any CPU
		{D9C3832D-2AE4-4DD9-8961-ED90605B0A6E}.Release|Any CPU.Build.0 = Release|Any CPU
	EndGlobalSection
	GlobalSection(SolutionProperties) = preSolution
		HideSolutionNode = FALSE
	EndGlobalSection
	GlobalSection(ExtensibilityGlobals) = postSolution
		SolutionGuid = {0ACEB749-DF81-4728-969A-2677F19A1C2B}
	EndGlobalSection
EndGlobal
